<Solution>
  <Folder Name="/Books Module/">
    <Project Path="RiverBooks.Books.Contracts/RiverBooks.Books.Contracts.csproj" />
    <Project Path="RiverBooks.Books.Tests/RiverBooks.Books.Tests.csproj" />
    <Project Path="RiverBooks.Books/RiverBooks.Books.csproj" />
  </Folder>
  <Folder Name="/EmailSending Module/">
    <Project Path="RiverBooks.EmailSending.Contracts/RiverBooks.EmailSending.Contracts.csproj" />
    <Project Path="RiverBooks.EmailSending/RiverBooks.EmailSending.csproj" />
  </Folder>
  <Folder Name="/OrderProcessing Module/">
    <Project Path="RiverBooks.OrderProcessing.Contracts/RiverBooks.OrderProcessing.Contracts.csproj" />
    <Project Path="RiverBooks.OrderProcessing/RiverBooks.OrderProcessing.csproj" />
    <Project Path="RiverBooks.OrderProcessingTests/RiverBooks.OrderProcessingTests.csproj" />
  </Folder>
  <Folder Name="/Reporting Module/">
    <Project Path="RiverBooks.Reporting/RiverBooks.Reporting.csproj" />
  </Folder>
  <Folder Name="/Users Module/">
    <Project Path="RiverBooks.Users.Contracts/RiverBooks.Users.Contracts.csproj" />
    <Project Path="RiverBooks.Users/RiverBooks.Users.csproj" />
  </Folder>
  <Folder Name="/_Solution Items/">
    <File Path="Directory.Build.props" />
  </Folder>
  <Project Path="RiverBooks.AppHost/RiverBooks.AppHost.csproj" />
  <Project Path="RiverBooks.ServiceDefaults/RiverBooks.ServiceDefaults.csproj" />
  <Project Path="RiverBooks.SharedKernel/RiverBooks.SharedKernel.csproj" />
  <Project Path="RiverBooks.SharedKernel.Tests/RiverBooks.SharedKernel.Tests.csproj" />
  <Project Path="RiverBooks.Web/RiverBooks.Web.csproj" />
</Solution>
