
Microsoft Visual Studio Solution File, Format Version 12.00
# Visual Studio Version 17
VisualStudioVersion = 17.0.31903.59
MinimumVisualStudioVersion = 10.0.40219.1
Project("{9A19103F-16F7-4668-BE54-9A1E7A4F7556}") = "RiverBooks.Web", "RiverBooks.Web\RiverBooks.Web.csproj", "{D4F96689-25B4-42A7-9BB9-A48BCA1BA6E2}"
EndProject
Project("{9A19103F-16F7-4668-BE54-9A1E7A4F7556}") = "RiverBooks.Books", "RiverBooks.Books\RiverBooks.Books.csproj", "{809CF38E-C976-4379-B278-7DDAB5CE1473}"
EndProject
Project("{2150E333-8FDC-42A3-9474-1A3956D46DE8}") = "_Solution Items", "_Solution Items", "{98C0F767-7BC6-4ACD-AEAC-DCDF6D595511}"
EndProject
Project("{2150E333-8FDC-42A3-9474-1A3956D46DE8}") = "Books Module", "Books Module", "{83441CF8-574D-4312-BD0E-38611DBC600E}"
EndProject
Project("{2150E333-8FDC-42A3-9474-1A3956D46DE8}") = "Users Module", "Users Module", "{85F059C8-DE82-4C80-BEAE-738A49ADB2C2}"
EndProject
Project("{9A19103F-16F7-4668-BE54-9A1E7A4F7556}") = "RiverBooks.Users", "RiverBooks.Users\RiverBooks.Users.csproj", "{092F126F-7AB5-46E4-963D-929485369EE3}"
EndProject
Project("{9A19103F-16F7-4668-BE54-9A1E7A4F7556}") = "RiverBooks.Books.Tests", "RiverBooks.Books.Tests\RiverBooks.Books.Tests.csproj", "{84A33040-4151-4A63-8F05-6EF18A917371}"
EndProject
Project("{2150E333-8FDC-42A3-9474-1A3956D46DE8}") = "OrderProcessing Module", "OrderProcessing Module", "{2F4CD3CB-0759-4A09-9959-A507E258A6F9}"
EndProject
Project("{9A19103F-16F7-4668-BE54-9A1E7A4F7556}") = "RiverBooks.OrderProcessing", "RiverBooks.OrderProcessing\RiverBooks.OrderProcessing.csproj", "{51978F46-096E-4AE7-ABB1-DA4CC709BE8A}"
EndProject
Project("{9A19103F-16F7-4668-BE54-9A1E7A4F7556}") = "RiverBooks.OrderProcessingTests", "RiverBooks.OrderProcessingTests\RiverBooks.OrderProcessingTests.csproj", "{294207E9-D4C3-4223-9D4D-52D4B794E68C}"
EndProject
Project("{9A19103F-16F7-4668-BE54-9A1E7A4F7556}") = "RiverBooks.Books.Contracts", "RiverBooks.Books.Contracts\RiverBooks.Books.Contracts.csproj", "{0A7E255B-1965-4E75-8C46-85003B51A607}"
EndProject
Project("{9A19103F-16F7-4668-BE54-9A1E7A4F7556}") = "RiverBooks.OrderProcessing.Contracts", "RiverBooks.OrderProcessing.Contracts\RiverBooks.OrderProcessing.Contracts.csproj", "{0A5DF1E7-2077-4B14-BD77-54938E39480A}"
EndProject
Project("{9A19103F-16F7-4668-BE54-9A1E7A4F7556}") = "RiverBooks.Users.Contracts", "RiverBooks.Users.Contracts\RiverBooks.Users.Contracts.csproj", "{717FD3ED-C77C-49B5-A653-B6990EEDC984}"
EndProject
Project("{FAE04EC0-301F-11D3-BF4B-00C04F79EFBC}") = "RiverBooks.SharedKernel", "RiverBooks.SharedKernel\RiverBooks.SharedKernel.csproj", "{649617C1-E98C-4550-8ADE-1B3E937F0794}"
EndProject
Project("{2150E333-8FDC-42A3-9474-1A3956D46DE8}") = "EmailSending Module", "EmailSending Module", "{7594ACA8-BB19-4074-8459-9CB987109215}"
EndProject
Project("{FAE04EC0-301F-11D3-BF4B-00C04F79EFBC}") = "RiverBooks.EmailSending", "RiverBooks.EmailSending\RiverBooks.EmailSending.csproj", "{ED97FBF2-6F25-428B-94F7-EBB11D11E156}"
EndProject
Project("{FAE04EC0-301F-11D3-BF4B-00C04F79EFBC}") = "RiverBooks.EmailSending.Contracts", "RiverBooks.EmailSending.Contracts\RiverBooks.EmailSending.Contracts.csproj", "{022DB4A8-D054-47F0-80DC-46C0647CB33A}"
EndProject
Project("{2150E333-8FDC-42A3-9474-1A3956D46DE8}") = "Reporting Module", "Reporting Module", "{7D0D079F-07D3-4DB6-B02A-B86E1F106AD9}"
EndProject
Project("{FAE04EC0-301F-11D3-BF4B-00C04F79EFBC}") = "RiverBooks.Reporting", "RiverBooks.Reporting\RiverBooks.Reporting.csproj", "{DCC1029A-0990-402F-86EF-33D85EC5FC0F}"
EndProject
Global
	GlobalSection(SolutionConfigurationPlatforms) = preSolution
		Debug|Any CPU = Debug|Any CPU
		Release|Any CPU = Release|Any CPU
	EndGlobalSection
	GlobalSection(ProjectConfigurationPlatforms) = postSolution
		{D4F96689-25B4-42A7-9BB9-A48BCA1BA6E2}.Debug|Any CPU.ActiveCfg = Debug|Any CPU
		{D4F96689-25B4-42A7-9BB9-A48BCA1BA6E2}.Debug|Any CPU.Build.0 = Debug|Any CPU
		{D4F96689-25B4-42A7-9BB9-A48BCA1BA6E2}.Release|Any CPU.ActiveCfg = Release|Any CPU
		{D4F96689-25B4-42A7-9BB9-A48BCA1BA6E2}.Release|Any CPU.Build.0 = Release|Any CPU
		{809CF38E-C976-4379-B278-7DDAB5CE1473}.Debug|Any CPU.ActiveCfg = Debug|Any CPU
		{809CF38E-C976-4379-B278-7DDAB5CE1473}.Debug|Any CPU.Build.0 = Debug|Any CPU
		{809CF38E-C976-4379-B278-7DDAB5CE1473}.Release|Any CPU.ActiveCfg = Release|Any CPU
		{809CF38E-C976-4379-B278-7DDAB5CE1473}.Release|Any CPU.Build.0 = Release|Any CPU
		{092F126F-7AB5-46E4-963D-929485369EE3}.Debug|Any CPU.ActiveCfg = Debug|Any CPU
		{092F126F-7AB5-46E4-963D-929485369EE3}.Debug|Any CPU.Build.0 = Debug|Any CPU
		{092F126F-7AB5-46E4-963D-929485369EE3}.Release|Any CPU.ActiveCfg = Release|Any CPU
		{092F126F-7AB5-46E4-963D-929485369EE3}.Release|Any CPU.Build.0 = Release|Any CPU
		{84A33040-4151-4A63-8F05-6EF18A917371}.Debug|Any CPU.ActiveCfg = Debug|Any CPU
		{84A33040-4151-4A63-8F05-6EF18A917371}.Debug|Any CPU.Build.0 = Debug|Any CPU
		{84A33040-4151-4A63-8F05-6EF18A917371}.Release|Any CPU.ActiveCfg = Release|Any CPU
		{84A33040-4151-4A63-8F05-6EF18A917371}.Release|Any CPU.Build.0 = Release|Any CPU
		{51978F46-096E-4AE7-ABB1-DA4CC709BE8A}.Debug|Any CPU.ActiveCfg = Debug|Any CPU
		{51978F46-096E-4AE7-ABB1-DA4CC709BE8A}.Debug|Any CPU.Build.0 = Debug|Any CPU
		{51978F46-096E-4AE7-ABB1-DA4CC709BE8A}.Release|Any CPU.ActiveCfg = Release|Any CPU
		{51978F46-096E-4AE7-ABB1-DA4CC709BE8A}.Release|Any CPU.Build.0 = Release|Any CPU
		{294207E9-D4C3-4223-9D4D-52D4B794E68C}.Debug|Any CPU.ActiveCfg = Debug|Any CPU
		{294207E9-D4C3-4223-9D4D-52D4B794E68C}.Debug|Any CPU.Build.0 = Debug|Any CPU
		{294207E9-D4C3-4223-9D4D-52D4B794E68C}.Release|Any CPU.ActiveCfg = Release|Any CPU
		{294207E9-D4C3-4223-9D4D-52D4B794E68C}.Release|Any CPU.Build.0 = Release|Any CPU
		{0A7E255B-1965-4E75-8C46-85003B51A607}.Debug|Any CPU.ActiveCfg = Debug|Any CPU
		{0A7E255B-1965-4E75-8C46-85003B51A607}.Debug|Any CPU.Build.0 = Debug|Any CPU
		{0A7E255B-1965-4E75-8C46-85003B51A607}.Release|Any CPU.ActiveCfg = Release|Any CPU
		{0A7E255B-1965-4E75-8C46-85003B51A607}.Release|Any CPU.Build.0 = Release|Any CPU
		{0A5DF1E7-2077-4B14-BD77-54938E39480A}.Debug|Any CPU.ActiveCfg = Debug|Any CPU
		{0A5DF1E7-2077-4B14-BD77-54938E39480A}.Debug|Any CPU.Build.0 = Debug|Any CPU
		{0A5DF1E7-2077-4B14-BD77-54938E39480A}.Release|Any CPU.ActiveCfg = Release|Any CPU
		{0A5DF1E7-2077-4B14-BD77-54938E39480A}.Release|Any CPU.Build.0 = Release|Any CPU
		{717FD3ED-C77C-49B5-A653-B6990EEDC984}.Debug|Any CPU.ActiveCfg = Debug|Any CPU
		{717FD3ED-C77C-49B5-A653-B6990EEDC984}.Debug|Any CPU.Build.0 = Debug|Any CPU
		{717FD3ED-C77C-49B5-A653-B6990EEDC984}.Release|Any CPU.ActiveCfg = Release|Any CPU
		{717FD3ED-C77C-49B5-A653-B6990EEDC984}.Release|Any CPU.Build.0 = Release|Any CPU
		{649617C1-E98C-4550-8ADE-1B3E937F0794}.Debug|Any CPU.ActiveCfg = Debug|Any CPU
		{649617C1-E98C-4550-8ADE-1B3E937F0794}.Debug|Any CPU.Build.0 = Debug|Any CPU
		{649617C1-E98C-4550-8ADE-1B3E937F0794}.Release|Any CPU.ActiveCfg = Release|Any CPU
		{649617C1-E98C-4550-8ADE-1B3E937F0794}.Release|Any CPU.Build.0 = Release|Any CPU
		{ED97FBF2-6F25-428B-94F7-EBB11D11E156}.Debug|Any CPU.ActiveCfg = Debug|Any CPU
		{ED97FBF2-6F25-428B-94F7-EBB11D11E156}.Debug|Any CPU.Build.0 = Debug|Any CPU
		{ED97FBF2-6F25-428B-94F7-EBB11D11E156}.Release|Any CPU.ActiveCfg = Release|Any CPU
		{ED97FBF2-6F25-428B-94F7-EBB11D11E156}.Release|Any CPU.Build.0 = Release|Any CPU
		{022DB4A8-D054-47F0-80DC-46C0647CB33A}.Debug|Any CPU.ActiveCfg = Debug|Any CPU
		{022DB4A8-D054-47F0-80DC-46C0647CB33A}.Debug|Any CPU.Build.0 = Debug|Any CPU
		{022DB4A8-D054-47F0-80DC-46C0647CB33A}.Release|Any CPU.ActiveCfg = Release|Any CPU
		{022DB4A8-D054-47F0-80DC-46C0647CB33A}.Release|Any CPU.Build.0 = Release|Any CPU
		{DCC1029A-0990-402F-86EF-33D85EC5FC0F}.Debug|Any CPU.ActiveCfg = Debug|Any CPU
		{DCC1029A-0990-402F-86EF-33D85EC5FC0F}.Debug|Any CPU.Build.0 = Debug|Any CPU
		{DCC1029A-0990-402F-86EF-33D85EC5FC0F}.Release|Any CPU.ActiveCfg = Release|Any CPU
		{DCC1029A-0990-402F-86EF-33D85EC5FC0F}.Release|Any CPU.Build.0 = Release|Any CPU
	EndGlobalSection
	GlobalSection(SolutionProperties) = preSolution
		HideSolutionNode = FALSE
	EndGlobalSection
	GlobalSection(NestedProjects) = preSolution
		{809CF38E-C976-4379-B278-7DDAB5CE1473} = {83441CF8-574D-4312-BD0E-38611DBC600E}
		{092F126F-7AB5-46E4-963D-929485369EE3} = {85F059C8-DE82-4C80-BEAE-738A49ADB2C2}
		{84A33040-4151-4A63-8F05-6EF18A917371} = {83441CF8-574D-4312-BD0E-38611DBC600E}
		{51978F46-096E-4AE7-ABB1-DA4CC709BE8A} = {2F4CD3CB-0759-4A09-9959-A507E258A6F9}
		{294207E9-D4C3-4223-9D4D-52D4B794E68C} = {2F4CD3CB-0759-4A09-9959-A507E258A6F9}
		{0A7E255B-1965-4E75-8C46-85003B51A607} = {83441CF8-574D-4312-BD0E-38611DBC600E}
		{0A5DF1E7-2077-4B14-BD77-54938E39480A} = {2F4CD3CB-0759-4A09-9959-A507E258A6F9}
		{717FD3ED-C77C-49B5-A653-B6990EEDC984} = {85F059C8-DE82-4C80-BEAE-738A49ADB2C2}
		{ED97FBF2-6F25-428B-94F7-EBB11D11E156} = {7594ACA8-BB19-4074-8459-9CB987109215}
		{022DB4A8-D054-47F0-80DC-46C0647CB33A} = {7594ACA8-BB19-4074-8459-9CB987109215}
		{DCC1029A-0990-402F-86EF-33D85EC5FC0F} = {7D0D079F-07D3-4DB6-B02A-B86E1F106AD9}
	EndGlobalSection
	GlobalSection(ExtensibilityGlobals) = postSolution
		SolutionGuid = {ABCC90C6-E7AD-4A78-8C59-A909326135D2}
	EndGlobalSection
EndGlobal
